// !$*UTF8*$!
{
	archiveVersion = 1;
	classes = {
	};
	objectVersion = 48;
	objects = {

/* Begin PBXBuildFile section */
		03CFB0A21FCC2D7E0063923D /* CoreDataManager.m in Sources */ = {isa = PBXBuildFile; fileRef = 03CFB0A11FCC2D7E0063923D /* CoreDataManager.m */; };
		03CFB0A81FCC3E230063923D /* CategoriesViewController.m in Sources */ = {isa = PBXBuildFile; fileRef = 03CFB0A71FCC3E230063923D /* CategoriesViewController.m */; };
		03CFB0AF1FCC415C0063923D /* TopHeadlinesViewController.m in Sources */ = {isa = PBXBuildFile; fileRef = 03CFB0AE1FCC415C0063923D /* TopHeadlinesViewController.m */; };
		03D8BEE21FCC6DBB002914C4 /* APISession.m in Sources */ = {isa = PBXBuildFile; fileRef = 03D8BEE11FCC6DBB002914C4 /* APISession.m */; };
		03ED35321FCC29EB00919765 /* AppDelegate.m in Sources */ = {isa = PBXBuildFile; fileRef = 03ED35311FCC29EB00919765 /* AppDelegate.m */; };
		03ED35381FCC29EB00919765 /* Main.storyboard in Resources */ = {isa = PBXBuildFile; fileRef = 03ED35361FCC29EB00919765 /* Main.storyboard */; };
		03ED353B1FCC29EB00919765 /* QwikNews.xcdatamodeld in Sources */ = {isa = PBXBuildFile; fileRef = 03ED35391FCC29EB00919765 /* QwikNews.xcdatamodeld */; };
		03ED353D1FCC29EB00919765 /* Assets.xcassets in Resources */ = {isa = PBXBuildFile; fileRef = 03ED353C1FCC29EB00919765 /* Assets.xcassets */; };
		03ED35401FCC29EB00919765 /* LaunchScreen.storyboard in Resources */ = {isa = PBXBuildFile; fileRef = 03ED353E1FCC29EB00919765 /* LaunchScreen.storyboard */; };
		03ED35431FCC29EB00919765 /* main.m in Sources */ = {isa = PBXBuildFile; fileRef = 03ED35421FCC29EB00919765 /* main.m */; };
		03ED354D1FCC29EB00919765 /* QwikNewsTests.m in Sources */ = {isa = PBXBuildFile; fileRef = 03ED354C1FCC29EB00919765 /* QwikNewsTests.m */; };
		03ED35591FCC2AAA00919765 /* newspaper.png in Resources */ = {isa = PBXBuildFile; fileRef = 03ED35581FCC2AAA00919765 /* newspaper.png */; };
		03F99FC41FCCA5AD00E1E01C /* CategoryCollectionViewCell.m in Sources */ = {isa = PBXBuildFile; fileRef = 03F99FC31FCCA5AD00E1E01C /* CategoryCollectionViewCell.m */; };
/* End PBXBuildFile section */

/* Begin PBXContainerItemProxy section */
		03ED35491FCC29EB00919765 /* PBXContainerItemProxy */ = {
			isa = PBXContainerItemProxy;
			containerPortal = 03ED35251FCC29EB00919765 /* Project object */;
			proxyType = 1;
			remoteGlobalIDString = 03ED352C1FCC29EB00919765;
			remoteInfo = QwikNews;
		};
/* End PBXContainerItemProxy section */

/* Begin PBXFileReference section */
		03CFB0A01FCC2D7E0063923D /* CoreDataManager.h */ = {isa = PBXFileReference; lastKnownFileType = sourcecode.c.h; path = CoreDataManager.h; sourceTree = "<group>"; };
		03CFB0A11FCC2D7E0063923D /* CoreDataManager.m */ = {isa = PBXFileReference; lastKnownFileType = sourcecode.c.objc; path = CoreDataManager.m; sourceTree = "<group>"; };
		03CFB0A61FCC3E230063923D /* CategoriesViewController.h */ = {isa = PBXFileReference; lastKnownFileType = sourcecode.c.h; path = CategoriesViewController.h; sourceTree = "<group>"; };
		03CFB0A71FCC3E230063923D /* CategoriesViewController.m */ = {isa = PBXFileReference; lastKnownFileType = sourcecode.c.objc; path = CategoriesViewController.m; sourceTree = "<group>"; };
		03CFB0AD1FCC415C0063923D /* TopHeadlinesViewController.h */ = {isa = PBXFileReference; lastKnownFileType = sourcecode.c.h; path = TopHeadlinesViewController.h; sourceTree = "<group>"; };
		03CFB0AE1FCC415C0063923D /* TopHeadlinesViewController.m */ = {isa = PBXFileReference; lastKnownFileType = sourcecode.c.objc; path = TopHeadlinesViewController.m; sourceTree = "<group>"; };
		03D8BEE01FCC6DBB002914C4 /* APISession.h */ = {isa = PBXFileReference; lastKnownFileType = sourcecode.c.h; path = APISession.h; sourceTree = "<group>"; };
		03D8BEE11FCC6DBB002914C4 /* APISession.m */ = {isa = PBXFileReference; lastKnownFileType = sourcecode.c.objc; path = APISession.m; sourceTree = "<group>"; };
		03ED352D1FCC29EB00919765 /* QwikNews.app */ = {isa = PBXFileReference; explicitFileType = wrapper.application; includeInIndex = 0; path = QwikNews.app; sourceTree = BUILT_PRODUCTS_DIR; };
		03ED35301FCC29EB00919765 /* AppDelegate.h */ = {isa = PBXFileReference; lastKnownFileType = sourcecode.c.h; path = AppDelegate.h; sourceTree = "<group>"; };
		03ED35311FCC29EB00919765 /* AppDelegate.m */ = {isa = PBXFileReference; lastKnownFileType = sourcecode.c.objc; path = AppDelegate.m; sourceTree = "<group>"; };
		03ED35371FCC29EB00919765 /* Base */ = {isa = PBXFileReference; lastKnownFileType = file.storyboard; name = Base; path = Base.lproj/Main.storyboard; sourceTree = "<group>"; };
		03ED353A1FCC29EB00919765 /* QwikNews.xcdatamodel */ = {isa = PBXFileReference; lastKnownFileType = wrapper.xcdatamodel; path = QwikNews.xcdatamodel; sourceTree = "<group>"; };
		03ED353C1FCC29EB00919765 /* Assets.xcassets */ = {isa = PBXFileReference; lastKnownFileType = folder.assetcatalog; path = Assets.xcassets; sourceTree = "<group>"; };
		03ED353F1FCC29EB00919765 /* Base */ = {isa = PBXFileReference; lastKnownFileType = file.storyboard; name = Base; path = Base.lproj/LaunchScreen.storyboard; sourceTree = "<group>"; };
		03ED35411FCC29EB00919765 /* Info.plist */ = {isa = PBXFileReference; lastKnownFileType = text.plist.xml; path = Info.plist; sourceTree = "<group>"; };
		03ED35421FCC29EB00919765 /* main.m */ = {isa = PBXFileReference; lastKnownFileType = sourcecode.c.objc; path = main.m; sourceTree = "<group>"; };
		03ED35481FCC29EB00919765 /* QwikNewsTests.xctest */ = {isa = PBXFileReference; explicitFileType = wrapper.cfbundle; includeInIndex = 0; path = QwikNewsTests.xctest; sourceTree = BUILT_PRODUCTS_DIR; };
		03ED354C1FCC29EB00919765 /* QwikNewsTests.m */ = {isa = PBXFileReference; lastKnownFileType = sourcecode.c.objc; path = QwikNewsTests.m; sourceTree = "<group>"; };
		03ED354E1FCC29EB00919765 /* Info.plist */ = {isa = PBXFileReference; lastKnownFileType = text.plist.xml; path = Info.plist; sourceTree = "<group>"; };
		03ED35581FCC2AAA00919765 /* newspaper.png */ = {isa = PBXFileReference; lastKnownFileType = image.png; path = newspaper.png; sourceTree = "<group>"; };
		03F99FC21FCCA5AD00E1E01C /* CategoryCollectionViewCell.h */ = {isa = PBXFileReference; lastKnownFileType = sourcecode.c.h; path = CategoryCollectionViewCell.h; sourceTree = "<group>"; };
		03F99FC31FCCA5AD00E1E01C /* CategoryCollectionViewCell.m */ = {isa = PBXFileReference; lastKnownFileType = sourcecode.c.objc; path = CategoryCollectionViewCell.m; sourceTree = "<group>"; };
/* End PBXFileReference section */

/* Begin PBXFrameworksBuildPhase section */
		03ED352A1FCC29EB00919765 /* Frameworks */ = {
			isa = PBXFrameworksBuildPhase;
			buildActionMask = 2147483647;
			files = (
			);
			runOnlyForDeploymentPostprocessing = 0;
		};
		03ED35451FCC29EB00919765 /* Frameworks */ = {
			isa = PBXFrameworksBuildPhase;
			buildActionMask = 2147483647;
			files = (
			);
			runOnlyForDeploymentPostprocessing = 0;
		};
/* End PBXFrameworksBuildPhase section */

/* Begin PBXGroup section */
		03ED35241FCC29EB00919765 = {
			isa = PBXGroup;
			children = (
				03ED352F1FCC29EB00919765 /* QwikNews */,
				03ED35571FCC2A9900919765 /* Resources */,
				03ED354B1FCC29EB00919765 /* QwikNewsTests */,
				03ED352E1FCC29EB00919765 /* Products */,
			);
			sourceTree = "<group>";
		};
		03ED352E1FCC29EB00919765 /* Products */ = {
			isa = PBXGroup;
			children = (
				03ED352D1FCC29EB00919765 /* QwikNews.app */,
				03ED35481FCC29EB00919765 /* QwikNewsTests.xctest */,
			);
			name = Products;
			sourceTree = "<group>";
		};
		03ED352F1FCC29EB00919765 /* QwikNews */ = {
			isa = PBXGroup;
			children = (
				03D8BEE01FCC6DBB002914C4 /* APISession.h */,
				03D8BEE11FCC6DBB002914C4 /* APISession.m */,
				03CFB0A01FCC2D7E0063923D /* CoreDataManager.h */,
				03CFB0A11FCC2D7E0063923D /* CoreDataManager.m */,
				03CFB0AD1FCC415C0063923D /* TopHeadlinesViewController.h */,
				03CFB0AE1FCC415C0063923D /* TopHeadlinesViewController.m */,
				03CFB0A61FCC3E230063923D /* CategoriesViewController.h */,
				03CFB0A71FCC3E230063923D /* CategoriesViewController.m */,
				03ED35301FCC29EB00919765 /* AppDelegate.h */,
				03ED35311FCC29EB00919765 /* AppDelegate.m */,
				03ED35361FCC29EB00919765 /* Main.storyboard */,
				03ED353C1FCC29EB00919765 /* Assets.xcassets */,
				03ED353E1FCC29EB00919765 /* LaunchScreen.storyboard */,
				03ED35411FCC29EB00919765 /* Info.plist */,
				03ED35421FCC29EB00919765 /* main.m */,
				03ED35391FCC29EB00919765 /* QwikNews.xcdatamodeld */,
				03F99FC21FCCA5AD00E1E01C /* CategoryCollectionViewCell.h */,
				03F99FC31FCCA5AD00E1E01C /* CategoryCollectionViewCell.m */,
			);
			path = QwikNews;
			sourceTree = "<group>";
		};
		03ED354B1FCC29EB00919765 /* QwikNewsTests */ = {
			isa = PBXGroup;
			children = (
				03ED354C1FCC29EB00919765 /* QwikNewsTests.m */,
				03ED354E1FCC29EB00919765 /* Info.plist */,
			);
			path = QwikNewsTests;
			sourceTree = "<group>";
		};
		03ED35571FCC2A9900919765 /* Resources */ = {
			isa = PBXGroup;
			children = (
				03ED35581FCC2AAA00919765 /* newspaper.png */,
			);
			path = Resources;
			sourceTree = "<group>";
		};
/* End PBXGroup section */

/* Begin PBXNativeTarget section */
		03ED352C1FCC29EB00919765 /* QwikNews */ = {
			isa = PBXNativeTarget;
			buildConfigurationList = 03ED35511FCC29EB00919765 /* Build configuration list for PBXNativeTarget "QwikNews" */;
			buildPhases = (
				03ED35291FCC29EB00919765 /* Sources */,
				03ED352A1FCC29EB00919765 /* Frameworks */,
				03ED352B1FCC29EB00919765 /* Resources */,
			);
			buildRules = (
			);
			dependencies = (
			);
			name = QwikNews;
			productName = QwikNews;
			productReference = 03ED352D1FCC29EB00919765 /* QwikNews.app */;
			productType = "com.apple.product-type.application";
		};
		03ED35471FCC29EB00919765 /* QwikNewsTests */ = {
			isa = PBXNativeTarget;
			buildConfigurationList = 03ED35541FCC29EB00919765 /* Build configuration list for PBXNativeTarget "QwikNewsTests" */;
			buildPhases = (
				03ED35441FCC29EB00919765 /* Sources */,
				03ED35451FCC29EB00919765 /* Frameworks */,
				03ED35461FCC29EB00919765 /* Resources */,
			);
			buildRules = (
			);
			dependencies = (
				03ED354A1FCC29EB00919765 /* PBXTargetDependency */,
			);
			name = QwikNewsTests;
			productName = QwikNewsTests;
			productReference = 03ED35481FCC29EB00919765 /* QwikNewsTests.xctest */;
			productType = "com.apple.product-type.bundle.unit-test";
		};
/* End PBXNativeTarget section */

/* Begin PBXProject section */
		03ED35251FCC29EB00919765 /* Project object */ = {
			isa = PBXProject;
			attributes = {
				LastUpgradeCheck = 0900;
				ORGANIZATIONNAME = TheAppExperts;
				TargetAttributes = {
					03ED352C1FCC29EB00919765 = {
						CreatedOnToolsVersion = 9.0.1;
						ProvisioningStyle = Automatic;
					};
					03ED35471FCC29EB00919765 = {
						CreatedOnToolsVersion = 9.0.1;
						ProvisioningStyle = Automatic;
						TestTargetID = 03ED352C1FCC29EB00919765;
					};
				};
			};
			buildConfigurationList = 03ED35281FCC29EB00919765 /* Build configuration list for PBXProject "QwikNews" */;
			compatibilityVersion = "Xcode 8.0";
			developmentRegion = en;
			hasScannedForEncodings = 0;
			knownRegions = (
				en,
				Base,
			);
			mainGroup = 03ED35241FCC29EB00919765;
			productRefGroup = 03ED352E1FCC29EB00919765 /* Products */;
			projectDirPath = "";
			projectRoot = "";
			targets = (
				03ED352C1FCC29EB00919765 /* QwikNews */,
				03ED35471FCC29EB00919765 /* QwikNewsTests */,
			);
		};
/* End PBXProject section */

/* Begin PBXResourcesBuildPhase section */
		03ED352B1FCC29EB00919765 /* Resources */ = {
			isa = PBXResourcesBuildPhase;
			buildActionMask = 2147483647;
			files = (
				03ED35401FCC29EB00919765 /* LaunchScreen.storyboard in Resources */,
				03ED353D1FCC29EB00919765 /* Assets.xcassets in Resources */,
				03ED35591FCC2AAA00919765 /* newspaper.png in Resources */,
				03ED35381FCC29EB00919765 /* Main.storyboard in Resources */,
			);
			runOnlyForDeploymentPostprocessing = 0;
		};
		03ED35461FCC29EB00919765 /* Resources */ = {
			isa = PBXResourcesBuildPhase;
			buildActionMask = 2147483647;
			files = (
			);
			runOnlyForDeploymentPostprocessing = 0;
		};
/* End PBXResourcesBuildPhase section */

/* Begin PBXSourcesBuildPhase section */
		03ED35291FCC29EB00919765 /* Sources */ = {
			isa = PBXSourcesBuildPhase;
			buildActionMask = 2147483647;
			files = (
				03ED353B1FCC29EB00919765 /* QwikNews.xcdatamodeld in Sources */,
				03CFB0A21FCC2D7E0063923D /* CoreDataManager.m in Sources */,
				03D8BEE21FCC6DBB002914C4 /* APISession.m in Sources */,
				03CFB0AF1FCC415C0063923D /* TopHeadlinesViewController.m in Sources */,
				03F99FC41FCCA5AD00E1E01C /* CategoryCollectionViewCell.m in Sources */,
				03ED35431FCC29EB00919765 /* main.m in Sources */,
				03CFB0A81FCC3E230063923D /* CategoriesViewController.m in Sources */,
				03ED35321FCC29EB00919765 /* AppDelegate.m in Sources */,
			);
			runOnlyForDeploymentPostprocessing = 0;
		};
		03ED35441FCC29EB00919765 /* Sources */ = {
			isa = PBXSourcesBuildPhase;
			buildActionMask = 2147483647;
			files = (
				03ED354D1FCC29EB00919765 /* QwikNewsTests.m in Sources */,
			);
			runOnlyForDeploymentPostprocessing = 0;
		};
/* End PBXSourcesBuildPhase section */

/* Begin PBXTargetDependency section */
		03ED354A1FCC29EB00919765 /* PBXTargetDependency */ = {
			isa = PBXTargetDependency;
			target = 03ED352C1FCC29EB00919765 /* QwikNews */;
			targetProxy = 03ED35491FCC29EB00919765 /* PBXContainerItemProxy */;
		};
/* End PBXTargetDependency section */

/* Begin PBXVariantGroup section */
		03ED35361FCC29EB00919765 /* Main.storyboard */ = {
			isa = PBXVariantGroup;
			children = (
				03ED35371FCC29EB00919765 /* Base */,
			);
			name = Main.storyboard;
			sourceTree = "<group>";
		};
		03ED353E1FCC29EB00919765 /* LaunchScreen.storyboard */ = {
			isa = PBXVariantGroup;
			children = (
				03ED353F1FCC29EB00919765 /* Base */,
			);
			name = LaunchScreen.storyboard;
			sourceTree = "<group>";
		};
/* End PBXVariantGroup section */

/* Begin XCBuildConfiguration section */
		03ED354F1FCC29EB00919765 /* Debug */ = {
			isa = XCBuildConfiguration;
			buildSettings = {
				ALWAYS_SEARCH_USER_PATHS = NO;
				CLANG_ANALYZER_NONNULL = YES;
				CLANG_ANALYZER_NUMBER_OBJECT_CONVERSION = YES_AGGRESSIVE;
				CLANG_CXX_LANGUAGE_STANDARD = "gnu++14";
				CLANG_CXX_LIBRARY = "libc++";
				CLANG_ENABLE_MODULES = YES;
				CLANG_ENABLE_OBJC_ARC = YES;
				CLANG_WARN_BLOCK_CAPTURE_AUTORELEASING = YES;
				CLANG_WARN_BOOL_CONVERSION = YES;
				CLANG_WARN_COMMA = YES;
				CLANG_WARN_CONSTANT_CONVERSION = YES;
				CLANG_WARN_DIRECT_OBJC_ISA_USAGE = YES_ERROR;
				CLANG_WARN_DOCUMENTATION_COMMENTS = YES;
				CLANG_WARN_EMPTY_BODY = YES;
				CLANG_WARN_ENUM_CONVERSION = YES;
				CLANG_WARN_INFINITE_RECURSION = YES;
				CLANG_WARN_INT_CONVERSION = YES;
				CLANG_WARN_NON_LITERAL_NULL_CONVERSION = YES;
				CLANG_WARN_OBJC_LITERAL_CONVERSION = YES;
				CLANG_WARN_OBJC_ROOT_CLASS = YES_ERROR;
				CLANG_WARN_RANGE_LOOP_ANALYSIS = YES;
				CLANG_WARN_STRICT_PROTOTYPES = YES;
				CLANG_WARN_SUSPICIOUS_MOVE = YES;
				CLANG_WARN_UNGUARDED_AVAILABILITY = YES_AGGRESSIVE;
				CLANG_WARN_UNREACHABLE_CODE = YES;
				CLANG_WARN__DUPLICATE_METHOD_MATCH = YES;
				CODE_SIGN_IDENTITY = "iPhone Developer";
				COPY_PHASE_STRIP = NO;
				DEBUG_INFORMATION_FORMAT = dwarf;
				ENABLE_STRICT_OBJC_MSGSEND = YES;
				ENABLE_TESTABILITY = YES;
				GCC_C_LANGUAGE_STANDARD = gnu11;
				GCC_DYNAMIC_NO_PIC = NO;
				GCC_NO_COMMON_BLOCKS = YES;
				GCC_OPTIMIZATION_LEVEL = 0;
				GCC_PREPROCESSOR_DEFINITIONS = (
					"DEBUG=1",
					"$(inherited)",
				);
				GCC_WARN_64_TO_32_BIT_CONVERSION = YES;
				GCC_WARN_ABOUT_RETURN_TYPE = YES_ERROR;
				GCC_WARN_UNDECLARED_SELECTOR = YES;
				GCC_WARN_UNINITIALIZED_AUTOS = YES_AGGRESSIVE;
				GCC_WARN_UNUSED_FUNCTION = YES;
				GCC_WARN_UNUSED_VARIABLE = YES;
				IPHONEOS_DEPLOYMENT_TARGET = 11.0;
				MTL_ENABLE_DEBUG_INFO = YES;
				ONLY_ACTIVE_ARCH = YES;
				SDKROOT = iphoneos;
			};
			name = Debug;
		};
		03ED35501FCC29EB00919765 /* Release */ = {
			isa = XCBuildConfiguration;
			buildSettings = {
				ALWAYS_SEARCH_USER_PATHS = NO;
				CLANG_ANALYZER_NONNULL = YES;
				CLANG_ANALYZER_NUMBER_OBJECT_CONVERSION = YES_AGGRESSIVE;
				CLANG_CXX_LANGUAGE_STANDARD = "gnu++14";
				CLANG_CXX_LIBRARY = "libc++";
				CLANG_ENABLE_MODULES = YES;
				CLANG_ENABLE_OBJC_ARC = YES;
				CLANG_WARN_BLOCK_CAPTURE_AUTORELEASING = YES;
				CLANG_WARN_BOOL_CONVERSION = YES;
				CLANG_WARN_COMMA = YES;
				CLANG_WARN_CONSTANT_CONVERSION = YES;
				CLANG_WARN_DIRECT_OBJC_ISA_USAGE = YES_ERROR;
				CLANG_WARN_DOCUMENTATION_COMMENTS = YES;
				CLANG_WARN_EMPTY_BODY = YES;
				CLANG_WARN_ENUM_CONVERSION = YES;
				CLANG_WARN_INFINITE_RECURSION = YES;
				CLANG_WARN_INT_CONVERSION = YES;
				CLANG_WARN_NON_LITERAL_NULL_CONVERSION = YES;
				CLANG_WARN_OBJC_LITERAL_CONVERSION = YES;
				CLANG_WARN_OBJC_ROOT_CLASS = YES_ERROR;
				CLANG_WARN_RANGE_LOOP_ANALYSIS = YES;
				CLANG_WARN_STRICT_PROTOTYPES = YES;
				CLANG_WARN_SUSPICIOUS_MOVE = YES;
				CLANG_WARN_UNGUARDED_AVAILABILITY = YES_AGGRESSIVE;
				CLANG_WARN_UNREACHABLE_CODE = YES;
				CLANG_WARN__DUPLICATE_METHOD_MATCH = YES;
				CODE_SIGN_IDENTITY = "iPhone Developer";
				COPY_PHASE_STRIP = NO;
				DEBUG_INFORMATION_FORMAT = "dwarf-with-dsym";
				ENABLE_NS_ASSERTIONS = NO;
				ENABLE_STRICT_OBJC_MSGSEND = YES;
				GCC_C_LANGUAGE_STANDARD = gnu11;
				GCC_NO_COMMON_BLOCKS = YES;
				GCC_WARN_64_TO_32_BIT_CONVERSION = YES;
				GCC_WARN_ABOUT_RETURN_TYPE = YES_ERROR;
				GCC_WARN_UNDECLARED_SELECTOR = YES;
				GCC_WARN_UNINITIALIZED_AUTOS = YES_AGGRESSIVE;
				GCC_WARN_UNUSED_FUNCTION = YES;
				GCC_WARN_UNUSED_VARIABLE = YES;
				IPHONEOS_DEPLOYMENT_TARGET = 11.0;
				MTL_ENABLE_DEBUG_INFO = NO;
				SDKROOT = iphoneos;
				VALIDATE_PRODUCT = YES;
			};
			name = Release;
		};
		03ED35521FCC29EB00919765 /* Debug */ = {
			isa = XCBuildConfiguration;
			buildSettings = {
				ASSETCATALOG_COMPILER_APPICON_NAME = AppIcon;
				CODE_SIGN_STYLE = Automatic;
				INFOPLIST_FILE = QwikNews/Info.plist;
				LD_RUNPATH_SEARCH_PATHS = "$(inherited) @executable_path/Frameworks";
				PRODUCT_BUNDLE_IDENTIFIER = com.TheAppExperts.QwikNews;
				PRODUCT_NAME = "$(TARGET_NAME)";
				TARGETED_DEVICE_FAMILY = "1,2";
			};
			name = Debug;
		};
		03ED35531FCC29EB00919765 /* Release */ = {
			isa = XCBuildConfiguration;
			buildSettings = {
				ASSETCATALOG_COMPILER_APPICON_NAME = AppIcon;
				CODE_SIGN_STYLE = Automatic;
				INFOPLIST_FILE = QwikNews/Info.plist;
				LD_RUNPATH_SEARCH_PATHS = "$(inherited) @executable_path/Frameworks";
				PRODUCT_BUNDLE_IDENTIFIER = com.TheAppExperts.QwikNews;
				PRODUCT_NAME = "$(TARGET_NAME)";
				TARGETED_DEVICE_FAMILY = "1,2";
			};
			name = Release;
		};
		03ED35551FCC29EB00919765 /* Debug */ = {
			isa = XCBuildConfiguration;
			buildSettings = {
				BUNDLE_LOADER = "$(TEST_HOST)";
				CODE_SIGN_STYLE = Automatic;
				INFOPLIST_FILE = QwikNewsTests/Info.plist;
				LD_RUNPATH_SEARCH_PATHS = "$(inherited) @executable_path/Frameworks @loader_path/Frameworks";
				PRODUCT_BUNDLE_IDENTIFIER = com.TheAppExperts.QwikNewsTests;
				PRODUCT_NAME = "$(TARGET_NAME)";
				TARGETED_DEVICE_FAMILY = "1,2";
				TEST_HOST = "$(BUILT_PRODUCTS_DIR)/QwikNews.app/QwikNews";
			};
			name = Debug;
		};
		03ED35561FCC29EB00919765 /* Release */ = {
			isa = XCBuildConfiguration;
			buildSettings = {
				BUNDLE_LOADER = "$(TEST_HOST)";
				CODE_SIGN_STYLE = Automatic;
				INFOPLIST_FILE = QwikNewsTests/Info.plist;
				LD_RUNPATH_SEARCH_PATHS = "$(inherited) @executable_path/Frameworks @loader_path/Frameworks";
				PRODUCT_BUNDLE_IDENTIFIER = com.TheAppExperts.QwikNewsTests;
				PRODUCT_NAME = "$(TARGET_NAME)";
				TARGETED_DEVICE_FAMILY = "1,2";
				TEST_HOST = "$(BUILT_PRODUCTS_DIR)/QwikNews.app/QwikNews";
			};
			name = Release;
		};
/* End XCBuildConfiguration section */

/* Begin XCConfigurationList section */
		03ED35281FCC29EB00919765 /* Build configuration list for PBXProject "QwikNews" */ = {
			isa = XCConfigurationList;
			buildConfigurations = (
				03ED354F1FCC29EB00919765 /* Debug */,
				03ED35501FCC29EB00919765 /* Release */,
			);
			defaultConfigurationIsVisible = 0;
			defaultConfigurationName = Release;
		};
		03ED35511FCC29EB00919765 /* Build configuration list for PBXNativeTarget "QwikNews" */ = {
			isa = XCConfigurationList;
			buildConfigurations = (
				03ED35521FCC29EB00919765 /* Debug */,
				03ED35531FCC29EB00919765 /* Release */,
			);
			defaultConfigurationIsVisible = 0;
			defaultConfigurationName = Release;
		};
		03ED35541FCC29EB00919765 /* Build configuration list for PBXNativeTarget "QwikNewsTests" */ = {
			isa = XCConfigurationList;
			buildConfigurations = (
				03ED35551FCC29EB00919765 /* Debug */,
				03ED35561FCC29EB00919765 /* Release */,
			);
			defaultConfigurationIsVisible = 0;
			defaultConfigurationName = Release;
		};
/* End XCConfigurationList section */

/* Begin XCVersionGroup section */
		03ED35391FCC29EB00919765 /* QwikNews.xcdatamodeld */ = {
			isa = XCVersionGroup;
			children = (
				03ED353A1FCC29EB00919765 /* QwikNews.xcdatamodel */,
			);
			currentVersion = 03ED353A1FCC29EB00919765 /* QwikNews.xcdatamodel */;
			path = QwikNews.xcdatamodeld;
			sourceTree = "<group>";
			versionGroupType = wrapper.xcdatamodel;
		};
/* End XCVersionGroup section */
	};
	rootObject = 03ED35251FCC29EB00919765 /* Project object */;
}
